# THIS IS AN AUTOGENERATED FILE. DO NOT EDIT THIS FILE DIRECTLY.
# yarn lockfile v1


dayjs@^1.8.15:
  version "1.8.15"
  resolved "https://registry.npm.taobao.org/dayjs/download/dayjs-1.8.15.tgz?cache=0&sync_timestamp=1562596317269&other_urls=https%3A%2F%2Fregistry.npm.taobao.org%2Fdayjs%2Fdownload%2Fdayjs-1.8.15.tgz#7121bc04e6a7f2621ed6db566be4a8aaf8c3913e"
  integrity sha1-cSG8BOan8mIe1ttWa+SoqvjDkT4=

ramda@^0.26.1:
  version "0.26.1"
  resolved "http://registry.npm.taobao.org/ramda/download/ramda-0.26.1.tgz#8d41351eb8111c55353617fc3bbffad8e4d35d06"
  integrity sha1-jUE1HrgRHFU1Nhf8O7/62OTTXQY=

vant-weapp@^1.5.16:
  version "0.5.16"
  resolved "https://registry.npm.taobao.org/vant-weapp/download/vant-weapp-0.5.16.tgz#65a37882e2f801df7e81f182cbb6b05fea1e5aac"
  integrity sha1-ZaN4guL4Ad9+gfGCy7awX+oeWqw=

wx-promise-pro@^2.6.0:
  version "2.6.0"
  resolved "http://registry.npm.taobao.org/wx-promise-pro/download/wx-promise-pro-2.6.0.tgz#2fcbc95b99ce2e2da32bb7bb590d37377cecb03b"
  integrity sha1-L8vJW5nOLi2jK7e7WQ03N3zssDs=
