# THIS IS AN AUTOGENERATED FILE. DO NOT EDIT THIS FILE DIRECTLY.
# yarn lockfile v1


"@transtone/vant-weapp@^1.5.10":
  version "1.5.10"
  resolved "http://registry.npm.taobao.org/@transtone/vant-weapp/download/@transtone/vant-weapp-1.5.10.tgz#846c0a3933ec43f063db0bf97d8e78da74ded3b7"
  integrity sha1-hGwKOTPsQ/Bj2wv5fY542nTe07c=

dayjs@^1.8.12:
  version "1.8.12"
  resolved "http://registry.npm.taobao.org/dayjs/download/dayjs-1.8.12.tgz#f9610fb9b115aa2fe2a07e742c130df418cee76a"
  integrity sha1-+WEPubEVqi/ioH50LBMN9BjO52o=

ramda@^0.26.1:
  version "0.26.1"
  resolved "http://registry.npm.taobao.org/ramda/download/ramda-0.26.1.tgz#8d41351eb8111c55353617fc3bbffad8e4d35d06"
  integrity sha1-jUE1HrgRHFU1Nhf8O7/62OTTXQY=

wuss-weapp@^2.1.4:
  version "2.1.4"
  resolved "http://registry.npm.taobao.org/wuss-weapp/download/wuss-weapp-2.1.4.tgz#f16a76ed9c134057edca8ffe5c9093947ccc8b81"
  integrity sha1-8Wp27ZwTQFftyo/+XJCTlHzMi4E=

wx-promise-pro@^2.6.0:
  version "2.6.0"
  resolved "http://registry.npm.taobao.org/wx-promise-pro/download/wx-promise-pro-2.6.0.tgz#2fcbc95b99ce2e2da32bb7bb590d37377cecb03b"
  integrity sha1-L8vJW5nOLi2jK7e7WQ03N3zssDs=
